
Microsoft Visual Studio Solution File, Format Version 12.00
# Visual Studio 15
VisualStudioVersion = 15.0.27004.2010
MinimumVisualStudioVersion = 10.0.40219.1
Project("{9A19103F-16F7-4668-BE54-9A1E7A4F7556}") = "Polyclinic", "Polyclinic.csproj", "{C91CB378-EDE2-4281-BD9B-37B0AA63AD74}"
EndProject
Global
	GlobalSection(SolutionConfigurationPlatforms) = preSolution
		Debug|Any CPU = Debug|Any CPU
		Release|Any CPU = Release|Any CPU
	EndGlobalSection
	GlobalSection(ProjectConfigurationPlatforms) = postSolution
		{C91CB378-EDE2-4281-BD9B-37B0AA63AD74}.Debug|Any CPU.ActiveCfg = Debug|Any CPU
		{C91CB378-EDE2-4281-BD9B-37B0AA63AD74}.Debug|Any CPU.Build.0 = Debug|Any CPU
		{C91CB378-EDE2-4281-BD9B-37B0AA63AD74}.Release|Any CPU.ActiveCfg = Release|Any CPU
		{C91CB378-EDE2-4281-BD9B-37B0AA63AD74}.Release|Any CPU.Build.0 = Release|Any CPU
	EndGlobalSection
	GlobalSection(SolutionProperties) = preSolution
		HideSolutionNode = FALSE
	EndGlobalSection
	GlobalSection(ExtensibilityGlobals) = postSolution
		SolutionGuid = {0329FCB2-24F1-4A04-9965-772951297EFC}
	EndGlobalSection
EndGlobal
